github.com/dougEfresh/gtoggl-api v0.0.0-20190813143908-d4a77f6fd0a6 h1:Tz9lokpnHppWelHJC1K4twLxJbNMWMJJ8tVoAqDyPx4=
github.com/dougEfresh/gtoggl-api v0.0.0-20190813143908-d4a77f6fd0a6/go.mod h1:8PeatpSEUw1gQexFGm5yFvueDDYdzTPegAc4TUkmI8A=
github.com/gomodule/redigo v2.0.0+incompatible/go.mod h1:B4C85qUVwatsJoIUNIfCRsp7qO0iAmpGFZ4EELWSbC4=
github.com/hashicorp/golang-lru v0.5.1 h1:0hERBMJE1eitiLkihrMvRVBYAkpHzc/J3QdDN+dAcgU=
github.com/hashicorp/golang-lru v0.5.1/go.mod h1:/m3WP610KZHVQ1SGc6re/UDhFvYD7pJ4Ao+sR/qLZy8=
github.com/hashicorp/golang-lru v0.5.3 h1:YPkqC67at8FYaadspW/6uE0COsBxS2656RLEr8Bppgk=
github.com/hashicorp/golang-lru v0.5.3/go.mod h1:iADmTwqILo4mZ8BN3D2Q6+9jd8WM5uGBxy+E8yxSoD4=
github.com/pkg/errors v0.8.1 h1:iURUrRGxPUNPdy5/HRSm+Yj6okJ6UtLINN0Q9M4+h3I=
github.com/pkg/errors v0.8.1/go.mod h1:bwawxfHBFNV+L2hUp1rHADufV3IMtnDRdf1r5NINEl0=
github.com/robertgzr/gtoggl-api v0.0.0-20190627221556-75f1bbefeb88 h1:F4vj2p68qn1Uq4v7CY0xg1Ft6D+9kkMwBGRAWAIamRk=
github.com/robertgzr/gtoggl-api v0.0.0-20190627221556-75f1bbefeb88/go.mod h1:a94efBg/VE9fdkr9InZC+2BcbH1g7iGn+I0wrueqagk=
github.com/robertgzr/gtoggl-api v0.1.0 h1:Cm+7GCzu1RX1m4+/YPWQr6aab+g2NGKmtnb2Ipo5pKM=
github.com/robertgzr/gtoggl-api v0.1.0/go.mod h1:ld4DYRdxM7n9TXjYnma6SuReZ7v5tbmHDAxugZ9p3xg=
github.com/robertgzr/gtoggl-api v0.1.1-0.20191206154203-6c421c2736b5 h1:sUtjLKeryuPa3Y+ns7g6d6kOxiedog3bLQRBv/aPXNA=
github.com/robertgzr/gtoggl-api v0.1.1-0.20191206154203-6c421c2736b5/go.mod h1:ld4DYRdxM7n9TXjYnma6SuReZ7v5tbmHDAxugZ9p3xg=
github.com/throttled/throttled v2.2.4+incompatible h1:aVKdoH/qT5Mo1Lm/678OkX2pFg7aRpHlTn1tfgaSKxs=
github.com/throttled/throttled v2.2.4+incompatible/go.mod h1:0BjlrEGQmvxps+HuXLsyRdqpSRvJpq0PNIsOtqP9Nos=
github.com/urfave/cli v1.20.0 h1:fDqGv3UG/4jbVl/QkFwEdddtEDjh/5Ov6X+0B/3bPaw=
github.com/urfave/cli v1.20.0/go.mod h1:70zkFmudgCuE/ngEzBv17Jvp/497gISqfk5gWijbERA=
